
Microsoft Visual Studio Solution File, Format Version 12.00
# Visual Studio Version 16
VisualStudioVersion = 16.0.30320.27
MinimumVisualStudioVersion = 10.0.40219.1
Project("{FAE04EC0-301F-11D3-BF4B-00C04F79EFBC}") = "HttpMvc", "HttpMvc\HttpMvc.csproj", "{08F28621-7B2D-4878-92B8-FF84A6A7B131}"
EndProject
Project("{FAE04EC0-301F-11D3-BF4B-00C04F79EFBC}") = "HttpServe", "HttpServe\HttpServe.csproj", "{7B0BC59A-1F87-48BB-975C-3CAB4B43E109}"
EndProject
Project("{FAE04EC0-301F-11D3-BF4B-00C04F79EFBC}") = "HttpApiMethod", "HttpApiMethod\HttpApiMethod.csproj", "{857A65CE-4EFB-4AF7-B5F2-95F4710ED071}"
EndProject
Project("{2150E333-8FDC-42A3-9474-1A3956D46DE8}") = "01Biz", "01Biz", "{541716BB-6CDE-4004-9ED7-4B684C7F0E73}"
EndProject
Project("{FAE04EC0-301F-11D3-BF4B-00C04F79EFBC}") = "Uitl", "Uitl\Uitl.csproj", "{13812406-2DFC-41F7-B739-2F5F063F022E}"
EndProject
Global
	GlobalSection(SolutionConfigurationPlatforms) = preSolution
		Debug|Any CPU = Debug|Any CPU
		Release|Any CPU = Release|Any CPU
	EndGlobalSection
	GlobalSection(ProjectConfigurationPlatforms) = postSolution
		{08F28621-7B2D-4878-92B8-FF84A6A7B131}.Debug|Any CPU.ActiveCfg = Debug|Any CPU
		{08F28621-7B2D-4878-92B8-FF84A6A7B131}.Debug|Any CPU.Build.0 = Debug|Any CPU
		{08F28621-7B2D-4878-92B8-FF84A6A7B131}.Release|Any CPU.ActiveCfg = Release|Any CPU
		{08F28621-7B2D-4878-92B8-FF84A6A7B131}.Release|Any CPU.Build.0 = Release|Any CPU
		{7B0BC59A-1F87-48BB-975C-3CAB4B43E109}.Debug|Any CPU.ActiveCfg = Debug|Any CPU
		{7B0BC59A-1F87-48BB-975C-3CAB4B43E109}.Debug|Any CPU.Build.0 = Debug|Any CPU
		{7B0BC59A-1F87-48BB-975C-3CAB4B43E109}.Release|Any CPU.ActiveCfg = Release|Any CPU
		{7B0BC59A-1F87-48BB-975C-3CAB4B43E109}.Release|Any CPU.Build.0 = Release|Any CPU
		{857A65CE-4EFB-4AF7-B5F2-95F4710ED071}.Debug|Any CPU.ActiveCfg = Debug|Any CPU
		{857A65CE-4EFB-4AF7-B5F2-95F4710ED071}.Debug|Any CPU.Build.0 = Debug|Any CPU
		{857A65CE-4EFB-4AF7-B5F2-95F4710ED071}.Release|Any CPU.ActiveCfg = Release|Any CPU
		{857A65CE-4EFB-4AF7-B5F2-95F4710ED071}.Release|Any CPU.Build.0 = Release|Any CPU
		{13812406-2DFC-41F7-B739-2F5F063F022E}.Debug|Any CPU.ActiveCfg = Debug|Any CPU
		{13812406-2DFC-41F7-B739-2F5F063F022E}.Debug|Any CPU.Build.0 = Debug|Any CPU
		{13812406-2DFC-41F7-B739-2F5F063F022E}.Release|Any CPU.ActiveCfg = Release|Any CPU
		{13812406-2DFC-41F7-B739-2F5F063F022E}.Release|Any CPU.Build.0 = Release|Any CPU
	EndGlobalSection
	GlobalSection(SolutionProperties) = preSolution
		HideSolutionNode = FALSE
	EndGlobalSection
	GlobalSection(NestedProjects) = preSolution
		{857A65CE-4EFB-4AF7-B5F2-95F4710ED071} = {541716BB-6CDE-4004-9ED7-4B684C7F0E73}
	EndGlobalSection
	GlobalSection(ExtensibilityGlobals) = postSolution
		SolutionGuid = {6391E4BB-1DAE-46A4-9AB4-53A323F8FA9D}
	EndGlobalSection
EndGlobal
